// !$*UTF8*$!
{
	archiveVersion = 1;
	classes = {
	};
	objectVersion = 50;
	objects = {

/* Begin PBXBuildFile section */
		6B7CF45026826ACD0068FBE6 /* AgendaPokemonViewController.swift in Sources */ = {isa = PBXBuildFile; fileRef = 6B7CF44F26826ACD0068FBE6 /* AgendaPokemonViewController.swift */; };
		6B7DBC3A268256C000E43A7A /* CoreDatePokemon.swift in Sources */ = {isa = PBXBuildFile; fileRef = 6B7DBC39268256C000E43A7A /* CoreDatePokemon.swift */; };
		6B9953D5268355BA004A38F8 /* AnnotationPokemon.swift in Sources */ = {isa = PBXBuildFile; fileRef = 6B9953D4268355BA004A38F8 /* AnnotationPokemon.swift */; };
		6BC722C4266F9BF800933942 /* AppDelegate.swift in Sources */ = {isa = PBXBuildFile; fileRef = 6BC722C3266F9BF800933942 /* AppDelegate.swift */; };
		6BC722C6266F9BF800933942 /* SceneDelegate.swift in Sources */ = {isa = PBXBuildFile; fileRef = 6BC722C5266F9BF800933942 /* SceneDelegate.swift */; };
		6BC722C8266F9BF800933942 /* ViewController.swift in Sources */ = {isa = PBXBuildFile; fileRef = 6BC722C7266F9BF800933942 /* ViewController.swift */; };
		6BC722CB266F9BF800933942 /* Main.storyboard in Resources */ = {isa = PBXBuildFile; fileRef = 6BC722C9266F9BF800933942 /* Main.storyboard */; };
		6BC722CE266F9BF800933942 /* PokemonGo.xcdatamodeld in Sources */ = {isa = PBXBuildFile; fileRef = 6BC722CC266F9BF800933942 /* PokemonGo.xcdatamodeld */; };
		6BC722D0266F9BFB00933942 /* Assets.xcassets in Resources */ = {isa = PBXBuildFile; fileRef = 6BC722CF266F9BFB00933942 /* Assets.xcassets */; };
		6BC722D3266F9BFB00933942 /* LaunchScreen.storyboard in Resources */ = {isa = PBXBuildFile; fileRef = 6BC722D1266F9BFB00933942 /* LaunchScreen.storyboard */; };
		6BC722DC266F9CC000933942 /* MapKit.framework in Frameworks */ = {isa = PBXBuildFile; fileRef = 6BC722DB266F9CC000933942 /* MapKit.framework */; };
/* End PBXBuildFile section */

/* Begin PBXFileReference section */
		6B7CF44F26826ACD0068FBE6 /* AgendaPokemonViewController.swift */ = {isa = PBXFileReference; lastKnownFileType = sourcecode.swift; path = AgendaPokemonViewController.swift; sourceTree = "<group>"; };
		6B7DBC39268256C000E43A7A /* CoreDatePokemon.swift */ = {isa = PBXFileReference; lastKnownFileType = sourcecode.swift; path = CoreDatePokemon.swift; sourceTree = "<group>"; };
		6B9953D4268355BA004A38F8 /* AnnotationPokemon.swift */ = {isa = PBXFileReference; lastKnownFileType = sourcecode.swift; path = AnnotationPokemon.swift; sourceTree = "<group>"; };
		6BC722C0266F9BF800933942 /* PokemonGo.app */ = {isa = PBXFileReference; explicitFileType = wrapper.application; includeInIndex = 0; path = PokemonGo.app; sourceTree = BUILT_PRODUCTS_DIR; };
		6BC722C3266F9BF800933942 /* AppDelegate.swift */ = {isa = PBXFileReference; lastKnownFileType = sourcecode.swift; path = AppDelegate.swift; sourceTree = "<group>"; };
		6BC722C5266F9BF800933942 /* SceneDelegate.swift */ = {isa = PBXFileReference; lastKnownFileType = sourcecode.swift; path = SceneDelegate.swift; sourceTree = "<group>"; };
		6BC722C7266F9BF800933942 /* ViewController.swift */ = {isa = PBXFileReference; lastKnownFileType = sourcecode.swift; path = ViewController.swift; sourceTree = "<group>"; };
		6BC722CA266F9BF800933942 /* Base */ = {isa = PBXFileReference; lastKnownFileType = file.storyboard; name = Base; path = Base.lproj/Main.storyboard; sourceTree = "<group>"; };
		6BC722CD266F9BF800933942 /* PokemonGo.xcdatamodel */ = {isa = PBXFileReference; lastKnownFileType = wrapper.xcdatamodel; path = PokemonGo.xcdatamodel; sourceTree = "<group>"; };
		6BC722CF266F9BFB00933942 /* Assets.xcassets */ = {isa = PBXFileReference; lastKnownFileType = folder.assetcatalog; path = Assets.xcassets; sourceTree = "<group>"; };
		6BC722D2266F9BFB00933942 /* Base */ = {isa = PBXFileReference; lastKnownFileType = file.storyboard; name = Base; path = Base.lproj/LaunchScreen.storyboard; sourceTree = "<group>"; };
		6BC722D4266F9BFB00933942 /* Info.plist */ = {isa = PBXFileReference; lastKnownFileType = text.plist.xml; path = Info.plist; sourceTree = "<group>"; };
		6BC722DB266F9CC000933942 /* MapKit.framework */ = {isa = PBXFileReference; lastKnownFileType = wrapper.framework; name = MapKit.framework; path = System/Library/Frameworks/MapKit.framework; sourceTree = SDKROOT; };
/* End PBXFileReference section */

/* Begin PBXFrameworksBuildPhase section */
		6BC722BD266F9BF800933942 /* Frameworks */ = {
			isa = PBXFrameworksBuildPhase;
			buildActionMask = 2147483647;
			files = (
				6BC722DC266F9CC000933942 /* MapKit.framework in Frameworks */,
			);
			runOnlyForDeploymentPostprocessing = 0;
		};
/* End PBXFrameworksBuildPhase section */

/* Begin PBXGroup section */
		6B9953CF268354B3004A38F8 /* Home */ = {
			isa = PBXGroup;
			children = (
				6B9953D0268354C7004A38F8 /* Controller */,
			);
			path = Home;
			sourceTree = "<group>";
		};
		6B9953D0268354C7004A38F8 /* Controller */ = {
			isa = PBXGroup;
			children = (
				6BC722C7266F9BF800933942 /* ViewController.swift */,
			);
			path = Controller;
			sourceTree = "<group>";
		};
		6B9953D1268354F0004A38F8 /* CoreDatePokemon */ = {
			isa = PBXGroup;
			children = (
				6B7DBC39268256C000E43A7A /* CoreDatePokemon.swift */,
			);
			path = CoreDatePokemon;
			sourceTree = "<group>";
		};
		6B9953D22683551A004A38F8 /* AgendaPokemon */ = {
			isa = PBXGroup;
			children = (
				6B9953D326835523004A38F8 /* Controller */,
			);
			path = AgendaPokemon;
			sourceTree = "<group>";
		};
		6B9953D326835523004A38F8 /* Controller */ = {
			isa = PBXGroup;
			children = (
				6B7CF44F26826ACD0068FBE6 /* AgendaPokemonViewController.swift */,
			);
			path = Controller;
			sourceTree = "<group>";
		};
		6BC722B7266F9BF800933942 = {
			isa = PBXGroup;
			children = (
				6BC722C2266F9BF800933942 /* PokemonGo */,
				6BC722C1266F9BF800933942 /* Products */,
				6BC722DA266F9CC000933942 /* Frameworks */,
			);
			sourceTree = "<group>";
		};
		6BC722C1266F9BF800933942 /* Products */ = {
			isa = PBXGroup;
			children = (
				6BC722C0266F9BF800933942 /* PokemonGo.app */,
			);
			name = Products;
			sourceTree = "<group>";
		};
		6BC722C2266F9BF800933942 /* PokemonGo */ = {
			isa = PBXGroup;
			children = (
				6B9953CF268354B3004A38F8 /* Home */,
				6B9953D22683551A004A38F8 /* AgendaPokemon */,
				6B9953D1268354F0004A38F8 /* CoreDatePokemon */,
				6BF5AC432683965D00E5F44E /* MapAnnotation */,
				6BC722C3266F9BF800933942 /* AppDelegate.swift */,
				6BC722C5266F9BF800933942 /* SceneDelegate.swift */,
				6BC722C9266F9BF800933942 /* Main.storyboard */,
				6BC722CF266F9BFB00933942 /* Assets.xcassets */,
				6BC722D1266F9BFB00933942 /* LaunchScreen.storyboard */,
				6BC722D4266F9BFB00933942 /* Info.plist */,
				6BC722CC266F9BF800933942 /* PokemonGo.xcdatamodeld */,
			);
			path = PokemonGo;
			sourceTree = "<group>";
		};
		6BC722DA266F9CC000933942 /* Frameworks */ = {
			isa = PBXGroup;
			children = (
				6BC722DB266F9CC000933942 /* MapKit.framework */,
			);
			name = Frameworks;
			sourceTree = "<group>";
		};
		6BF5AC432683965D00E5F44E /* MapAnnotation */ = {
			isa = PBXGroup;
			children = (
				6BF5AC442683967200E5F44E /* Model */,
			);
			path = MapAnnotation;
			sourceTree = "<group>";
		};
		6BF5AC442683967200E5F44E /* Model */ = {
			isa = PBXGroup;
			children = (
				6B9953D4268355BA004A38F8 /* AnnotationPokemon.swift */,
			);
			path = Model;
			sourceTree = "<group>";
		};
/* End PBXGroup section */

/* Begin PBXNativeTarget section */
		6BC722BF266F9BF800933942 /* PokemonGo */ = {
			isa = PBXNativeTarget;
			buildConfigurationList = 6BC722D7266F9BFB00933942 /* Build configuration list for PBXNativeTarget "PokemonGo" */;
			buildPhases = (
				6BC722BC266F9BF800933942 /* Sources */,
				6BC722BD266F9BF800933942 /* Frameworks */,
				6BC722BE266F9BF800933942 /* Resources */,
			);
			buildRules = (
			);
			dependencies = (
			);
			name = PokemonGo;
			productName = PokemonGo;
			productReference = 6BC722C0266F9BF800933942 /* PokemonGo.app */;
			productType = "com.apple.product-type.application";
		};
/* End PBXNativeTarget section */

/* Begin PBXProject section */
		6BC722B8266F9BF800933942 /* Project object */ = {
			isa = PBXProject;
			attributes = {
				LastSwiftUpdateCheck = 1250;
				LastUpgradeCheck = 1250;
				TargetAttributes = {
					6BC722BF266F9BF800933942 = {
						CreatedOnToolsVersion = 12.5;
					};
				};
			};
			buildConfigurationList = 6BC722BB266F9BF800933942 /* Build configuration list for PBXProject "PokemonGo" */;
			compatibilityVersion = "Xcode 9.3";
			developmentRegion = en;
			hasScannedForEncodings = 0;
			knownRegions = (
				en,
				Base,
			);
			mainGroup = 6BC722B7266F9BF800933942;
			productRefGroup = 6BC722C1266F9BF800933942 /* Products */;
			projectDirPath = "";
			projectRoot = "";
			targets = (
				6BC722BF266F9BF800933942 /* PokemonGo */,
			);
		};
/* End PBXProject section */

/* Begin PBXResourcesBuildPhase section */
		6BC722BE266F9BF800933942 /* Resources */ = {
			isa = PBXResourcesBuildPhase;
			buildActionMask = 2147483647;
			files = (
				6BC722D3266F9BFB00933942 /* LaunchScreen.storyboard in Resources */,
				6BC722D0266F9BFB00933942 /* Assets.xcassets in Resources */,
				6BC722CB266F9BF800933942 /* Main.storyboard in Resources */,
			);
			runOnlyForDeploymentPostprocessing = 0;
		};
/* End PBXResourcesBuildPhase section */

/* Begin PBXSourcesBuildPhase section */
		6BC722BC266F9BF800933942 /* Sources */ = {
			isa = PBXSourcesBuildPhase;
			buildActionMask = 2147483647;
			files = (
				6B7CF45026826ACD0068FBE6 /* AgendaPokemonViewController.swift in Sources */,
				6BC722C8266F9BF800933942 /* ViewController.swift in Sources */,
				6B9953D5268355BA004A38F8 /* AnnotationPokemon.swift in Sources */,
				6BC722CE266F9BF800933942 /* PokemonGo.xcdatamodeld in Sources */,
				6BC722C4266F9BF800933942 /* AppDelegate.swift in Sources */,
				6B7DBC3A268256C000E43A7A /* CoreDatePokemon.swift in Sources */,
				6BC722C6266F9BF800933942 /* SceneDelegate.swift in Sources */,
			);
			runOnlyForDeploymentPostprocessing = 0;
		};
/* End PBXSourcesBuildPhase section */

/* Begin PBXVariantGroup section */
		6BC722C9266F9BF800933942 /* Main.storyboard */ = {
			isa = PBXVariantGroup;
			children = (
				6BC722CA266F9BF800933942 /* Base */,
			);
			name = Main.storyboard;
			sourceTree = "<group>";
		};
		6BC722D1266F9BFB00933942 /* LaunchScreen.storyboard */ = {
			isa = PBXVariantGroup;
			children = (
				6BC722D2266F9BFB00933942 /* Base */,
			);
			name = LaunchScreen.storyboard;
			sourceTree = "<group>";
		};
/* End PBXVariantGroup section */

/* Begin XCBuildConfiguration section */
		6BC722D5266F9BFB00933942 /* Debug */ = {
			isa = XCBuildConfiguration;
			buildSettings = {
				ALWAYS_SEARCH_USER_PATHS = NO;
				CLANG_ANALYZER_NONNULL = YES;
				CLANG_ANALYZER_NUMBER_OBJECT_CONVERSION = YES_AGGRESSIVE;
				CLANG_CXX_LANGUAGE_STANDARD = "gnu++14";
				CLANG_CXX_LIBRARY = "libc++";
				CLANG_ENABLE_MODULES = YES;
				CLANG_ENABLE_OBJC_ARC = YES;
				CLANG_ENABLE_OBJC_WEAK = YES;
				CLANG_WARN_BLOCK_CAPTURE_AUTORELEASING = YES;
				CLANG_WARN_BOOL_CONVERSION = YES;
				CLANG_WARN_COMMA = YES;
				CLANG_WARN_CONSTANT_CONVERSION = YES;
				CLANG_WARN_DEPRECATED_OBJC_IMPLEMENTATIONS = YES;
				CLANG_WARN_DIRECT_OBJC_ISA_USAGE = YES_ERROR;
				CLANG_WARN_DOCUMENTATION_COMMENTS = YES;
				CLANG_WARN_EMPTY_BODY = YES;
				CLANG_WARN_ENUM_CONVERSION = YES;
				CLANG_WARN_INFINITE_RECURSION = YES;
				CLANG_WARN_INT_CONVERSION = YES;
				CLANG_WARN_NON_LITERAL_NULL_CONVERSION = YES;
				CLANG_WARN_OBJC_IMPLICIT_RETAIN_SELF = YES;
				CLANG_WARN_OBJC_LITERAL_CONVERSION = YES;
				CLANG_WARN_OBJC_ROOT_CLASS = YES_ERROR;
				CLANG_WARN_QUOTED_INCLUDE_IN_FRAMEWORK_HEADER = YES;
				CLANG_WARN_RANGE_LOOP_ANALYSIS = YES;
				CLANG_WARN_STRICT_PROTOTYPES = YES;
				CLANG_WARN_SUSPICIOUS_MOVE = YES;
				CLANG_WARN_UNGUARDED_AVAILABILITY = YES_AGGRESSIVE;
				CLANG_WARN_UNREACHABLE_CODE = YES;
				CLANG_WARN__DUPLICATE_METHOD_MATCH = YES;
				COPY_PHASE_STRIP = NO;
				DEBUG_INFORMATION_FORMAT = dwarf;
				ENABLE_STRICT_OBJC_MSGSEND = YES;
				ENABLE_TESTABILITY = YES;
				GCC_C_LANGUAGE_STANDARD = gnu11;
				GCC_DYNAMIC_NO_PIC = NO;
				GCC_NO_COMMON_BLOCKS = YES;
				GCC_OPTIMIZATION_LEVEL = 0;
				GCC_PREPROCESSOR_DEFINITIONS = (
					"DEBUG=1",
					"$(inherited)",
				);
				GCC_WARN_64_TO_32_BIT_CONVERSION = YES;
				GCC_WARN_ABOUT_RETURN_TYPE = YES_ERROR;
				GCC_WARN_UNDECLARED_SELECTOR = YES;
				GCC_WARN_UNINITIALIZED_AUTOS = YES_AGGRESSIVE;
				GCC_WARN_UNUSED_FUNCTION = YES;
				GCC_WARN_UNUSED_VARIABLE = YES;
				IPHONEOS_DEPLOYMENT_TARGET = 14.5;
				MTL_ENABLE_DEBUG_INFO = INCLUDE_SOURCE;
				MTL_FAST_MATH = YES;
				ONLY_ACTIVE_ARCH = YES;
				SDKROOT = iphoneos;
				SWIFT_ACTIVE_COMPILATION_CONDITIONS = DEBUG;
				SWIFT_OPTIMIZATION_LEVEL = "-Onone";
			};
			name = Debug;
		};
		6BC722D6266F9BFB00933942 /* Release */ = {
			isa = XCBuildConfiguration;
			buildSettings = {
				ALWAYS_SEARCH_USER_PATHS = NO;
				CLANG_ANALYZER_NONNULL = YES;
				CLANG_ANALYZER_NUMBER_OBJECT_CONVERSION = YES_AGGRESSIVE;
				CLANG_CXX_LANGUAGE_STANDARD = "gnu++14";
				CLANG_CXX_LIBRARY = "libc++";
				CLANG_ENABLE_MODULES = YES;
				CLANG_ENABLE_OBJC_ARC = YES;
				CLANG_ENABLE_OBJC_WEAK = YES;
				CLANG_WARN_BLOCK_CAPTURE_AUTORELEASING = YES;
				CLANG_WARN_BOOL_CONVERSION = YES;
				CLANG_WARN_COMMA = YES;
				CLANG_WARN_CONSTANT_CONVERSION = YES;
				CLANG_WARN_DEPRECATED_OBJC_IMPLEMENTATIONS = YES;
				CLANG_WARN_DIRECT_OBJC_ISA_USAGE = YES_ERROR;
				CLANG_WARN_DOCUMENTATION_COMMENTS = YES;
				CLANG_WARN_EMPTY_BODY = YES;
				CLANG_WARN_ENUM_CONVERSION = YES;
				CLANG_WARN_INFINITE_RECURSION = YES;
				CLANG_WARN_INT_CONVERSION = YES;
				CLANG_WARN_NON_LITERAL_NULL_CONVERSION = YES;
				CLANG_WARN_OBJC_IMPLICIT_RETAIN_SELF = YES;
				CLANG_WARN_OBJC_LITERAL_CONVERSION = YES;
				CLANG_WARN_OBJC_ROOT_CLASS = YES_ERROR;
				CLANG_WARN_QUOTED_INCLUDE_IN_FRAMEWORK_HEADER = YES;
				CLANG_WARN_RANGE_LOOP_ANALYSIS = YES;
				CLANG_WARN_STRICT_PROTOTYPES = YES;
				CLANG_WARN_SUSPICIOUS_MOVE = YES;
				CLANG_WARN_UNGUARDED_AVAILABILITY = YES_AGGRESSIVE;
				CLANG_WARN_UNREACHABLE_CODE = YES;
				CLANG_WARN__DUPLICATE_METHOD_MATCH = YES;
				COPY_PHASE_STRIP = NO;
				DEBUG_INFORMATION_FORMAT = "dwarf-with-dsym";
				ENABLE_NS_ASSERTIONS = NO;
				ENABLE_STRICT_OBJC_MSGSEND = YES;
				GCC_C_LANGUAGE_STANDARD = gnu11;
				GCC_NO_COMMON_BLOCKS = YES;
				GCC_WARN_64_TO_32_BIT_CONVERSION = YES;
				GCC_WARN_ABOUT_RETURN_TYPE = YES_ERROR;
				GCC_WARN_UNDECLARED_SELECTOR = YES;
				GCC_WARN_UNINITIALIZED_AUTOS = YES_AGGRESSIVE;
				GCC_WARN_UNUSED_FUNCTION = YES;
				GCC_WARN_UNUSED_VARIABLE = YES;
				IPHONEOS_DEPLOYMENT_TARGET = 14.5;
				MTL_ENABLE_DEBUG_INFO = NO;
				MTL_FAST_MATH = YES;
				SDKROOT = iphoneos;
				SWIFT_COMPILATION_MODE = wholemodule;
				SWIFT_OPTIMIZATION_LEVEL = "-O";
				VALIDATE_PRODUCT = YES;
			};
			name = Release;
		};
		6BC722D8266F9BFB00933942 /* Debug */ = {
			isa = XCBuildConfiguration;
			buildSettings = {
				ASSETCATALOG_COMPILER_APPICON_NAME = AppIcon;
				ASSETCATALOG_COMPILER_GLOBAL_ACCENT_COLOR_NAME = AccentColor;
				CODE_SIGN_STYLE = Automatic;
				DEVELOPMENT_TEAM = NFPHM2DXPD;
				INFOPLIST_FILE = PokemonGo/Info.plist;
				LD_RUNPATH_SEARCH_PATHS = (
					"$(inherited)",
					"@executable_path/Frameworks",
				);
				PRODUCT_BUNDLE_IDENTIFIER = com.udemy.PokemonGo;
				PRODUCT_NAME = "$(TARGET_NAME)";
				SWIFT_VERSION = 5.0;
				TARGETED_DEVICE_FAMILY = "1,2";
			};
			name = Debug;
		};
		6BC722D9266F9BFB00933942 /* Release */ = {
			isa = XCBuildConfiguration;
			buildSettings = {
				ASSETCATALOG_COMPILER_APPICON_NAME = AppIcon;
				ASSETCATALOG_COMPILER_GLOBAL_ACCENT_COLOR_NAME = AccentColor;
				CODE_SIGN_STYLE = Automatic;
				DEVELOPMENT_TEAM = NFPHM2DXPD;
				INFOPLIST_FILE = PokemonGo/Info.plist;
				LD_RUNPATH_SEARCH_PATHS = (
					"$(inherited)",
					"@executable_path/Frameworks",
				);
				PRODUCT_BUNDLE_IDENTIFIER = com.udemy.PokemonGo;
				PRODUCT_NAME = "$(TARGET_NAME)";
				SWIFT_VERSION = 5.0;
				TARGETED_DEVICE_FAMILY = "1,2";
			};
			name = Release;
		};
/* End XCBuildConfiguration section */

/* Begin XCConfigurationList section */
		6BC722BB266F9BF800933942 /* Build configuration list for PBXProject "PokemonGo" */ = {
			isa = XCConfigurationList;
			buildConfigurations = (
				6BC722D5266F9BFB00933942 /* Debug */,
				6BC722D6266F9BFB00933942 /* Release */,
			);
			defaultConfigurationIsVisible = 0;
			defaultConfigurationName = Release;
		};
		6BC722D7266F9BFB00933942 /* Build configuration list for PBXNativeTarget "PokemonGo" */ = {
			isa = XCConfigurationList;
			buildConfigurations = (
				6BC722D8266F9BFB00933942 /* Debug */,
				6BC722D9266F9BFB00933942 /* Release */,
			);
			defaultConfigurationIsVisible = 0;
			defaultConfigurationName = Release;
		};
/* End XCConfigurationList section */

/* Begin XCVersionGroup section */
		6BC722CC266F9BF800933942 /* PokemonGo.xcdatamodeld */ = {
			isa = XCVersionGroup;
			children = (
				6BC722CD266F9BF800933942 /* PokemonGo.xcdatamodel */,
			);
			currentVersion = 6BC722CD266F9BF800933942 /* PokemonGo.xcdatamodel */;
			path = PokemonGo.xcdatamodeld;
			sourceTree = "<group>";
			versionGroupType = wrapper.xcdatamodel;
		};
/* End XCVersionGroup section */
	};
	rootObject = 6BC722B8266F9BF800933942 /* Project object */;
}
